
Microsoft Visual Studio Solution File, Format Version 12.00
# Visual Studio 15
Project("{FAE04EC0-301F-11D3-BF4B-00C04F79EFBC}") = "Assembly-CSharp-Editor", "Assembly-CSharp-Editor.csproj", "{965226BC-23F9-7D2B-8717-ECC01A5123D3}"
EndProject
Project("{FAE04EC0-301F-11D3-BF4B-00C04F79EFBC}") = "Assembly-CSharp", "Assembly-CSharp.csproj", "{C8B54B77-A908-8F8F-922A-02CBD1176CCD}"
EndProject
Global
	GlobalSection(SolutionConfigurationPlatforms) = preSolution
		Debug|Any CPU = Debug|Any CPU
		Release|Any CPU = Release|Any CPU
	EndGlobalSection
	GlobalSection(ProjectConfigurationPlatforms) = postSolution
		{965226BC-23F9-7D2B-8717-ECC01A5123D3}.Debug|Any CPU.ActiveCfg = Debug|Any CPU
		{965226BC-23F9-7D2B-8717-ECC01A5123D3}.Debug|Any CPU.Build.0 = Debug|Any CPU
		{965226BC-23F9-7D2B-8717-ECC01A5123D3}.Release|Any CPU.ActiveCfg = Release|Any CPU
		{965226BC-23F9-7D2B-8717-ECC01A5123D3}.Release|Any CPU.Build.0 = Release|Any CPU
		{C8B54B77-A908-8F8F-922A-02CBD1176CCD}.Debug|Any CPU.ActiveCfg = Debug|Any CPU
		{C8B54B77-A908-8F8F-922A-02CBD1176CCD}.Debug|Any CPU.Build.0 = Debug|Any CPU
		{C8B54B77-A908-8F8F-922A-02CBD1176CCD}.Release|Any CPU.ActiveCfg = Release|Any CPU
		{C8B54B77-A908-8F8F-922A-02CBD1176CCD}.Release|Any CPU.Build.0 = Release|Any CPU
	EndGlobalSection
	GlobalSection(SolutionProperties) = preSolution
		HideSolutionNode = FALSE
	EndGlobalSection
EndGlobal
